
Microsoft Visual Studio Solution File, Format Version 12.00
# Visual Studio Version 16
VisualStudioVersion = 16.0.31515.178
MinimumVisualStudioVersion = 10.0.40219.1
Project("{9A19103F-16F7-4668-BE54-9A1E7A4F7556}") = "Domain", "Domain\Domain.csproj", "{81933CE5-5A15-40E2-B481-6F49F68F97DA}"
EndProject
Project("{9A19103F-16F7-4668-BE54-9A1E7A4F7556}") = "Tests", "Tests\Tests.csproj", "{4D9EE0E7-6BAB-444C-BDAC-AC70C5EB294D}"
EndProject
Project("{9A19103F-16F7-4668-BE54-9A1E7A4F7556}") = "Service", "Service\Service.csproj", "{716964F5-D2AF-4CC2-9569-275AB76F1C26}"
EndProject
Global
	GlobalSection(SolutionConfigurationPlatforms) = preSolution
		Debug|Any CPU = Debug|Any CPU
		Release|Any CPU = Release|Any CPU
	EndGlobalSection
	GlobalSection(ProjectConfigurationPlatforms) = postSolution
		{81933CE5-5A15-40E2-B481-6F49F68F97DA}.Debug|Any CPU.ActiveCfg = Debug|Any CPU
		{81933CE5-5A15-40E2-B481-6F49F68F97DA}.Debug|Any CPU.Build.0 = Debug|Any CPU
		{81933CE5-5A15-40E2-B481-6F49F68F97DA}.Release|Any CPU.ActiveCfg = Release|Any CPU
		{81933CE5-5A15-40E2-B481-6F49F68F97DA}.Release|Any CPU.Build.0 = Release|Any CPU
		{4D9EE0E7-6BAB-444C-BDAC-AC70C5EB294D}.Debug|Any CPU.ActiveCfg = Debug|Any CPU
		{4D9EE0E7-6BAB-444C-BDAC-AC70C5EB294D}.Debug|Any CPU.Build.0 = Debug|Any CPU
		{4D9EE0E7-6BAB-444C-BDAC-AC70C5EB294D}.Release|Any CPU.ActiveCfg = Release|Any CPU
		{4D9EE0E7-6BAB-444C-BDAC-AC70C5EB294D}.Release|Any CPU.Build.0 = Release|Any CPU
		{716964F5-D2AF-4CC2-9569-275AB76F1C26}.Debug|Any CPU.ActiveCfg = Debug|Any CPU
		{716964F5-D2AF-4CC2-9569-275AB76F1C26}.Debug|Any CPU.Build.0 = Debug|Any CPU
		{716964F5-D2AF-4CC2-9569-275AB76F1C26}.Release|Any CPU.ActiveCfg = Release|Any CPU
		{716964F5-D2AF-4CC2-9569-275AB76F1C26}.Release|Any CPU.Build.0 = Release|Any CPU
	EndGlobalSection
	GlobalSection(SolutionProperties) = preSolution
		HideSolutionNode = FALSE
	EndGlobalSection
	GlobalSection(ExtensibilityGlobals) = postSolution
		SolutionGuid = {B33E63A7-7152-44F4-9064-B2483AA31932}
	EndGlobalSection
EndGlobal
